
Microsoft Visual Studio Solution File, Format Version 12.00
# Visual Studio Version 17
VisualStudioVersion = 17.9.34616.47
MinimumVisualStudioVersion = 10.0.40219.1
Project("{FAE04EC0-301F-11D3-BF4B-00C04F79EFBC}") = "BusinessObject", "BusinessObject\BusinessObject.csproj", "{3A4F7534-935F-4337-B4F3-AB5067C78922}"
EndProject
Project("{FAE04EC0-301F-11D3-BF4B-00C04F79EFBC}") = "DataAccessObject", "DataAccessObject\DataAccessObject.csproj", "{22829696-0589-4D52-B4EC-23F310C02997}"
EndProject
Project("{FAE04EC0-301F-11D3-BF4B-00C04F79EFBC}") = "Repository", "Repository\Repository.csproj", "{C10756CB-A595-4F5B-A014-3726B4EC6EE5}"
EndProject
Project("{FAE04EC0-301F-11D3-BF4B-00C04F79EFBC}") = "AirConditionerShop_NguyenLeTanNghiep", "Presentation\AirConditionerShop_NguyenLeTanNghiep.csproj", "{1CFF01CD-656D-4545-A4E2-ABF7506D445F}"
EndProject
Global
	GlobalSection(SolutionConfigurationPlatforms) = preSolution
		Debug|Any CPU = Debug|Any CPU
		Release|Any CPU = Release|Any CPU
	EndGlobalSection
	GlobalSection(ProjectConfigurationPlatforms) = postSolution
		{3A4F7534-935F-4337-B4F3-AB5067C78922}.Debug|Any CPU.ActiveCfg = Debug|Any CPU
		{3A4F7534-935F-4337-B4F3-AB5067C78922}.Debug|Any CPU.Build.0 = Debug|Any CPU
		{3A4F7534-935F-4337-B4F3-AB5067C78922}.Release|Any CPU.ActiveCfg = Release|Any CPU
		{3A4F7534-935F-4337-B4F3-AB5067C78922}.Release|Any CPU.Build.0 = Release|Any CPU
		{22829696-0589-4D52-B4EC-23F310C02997}.Debug|Any CPU.ActiveCfg = Debug|Any CPU
		{22829696-0589-4D52-B4EC-23F310C02997}.Debug|Any CPU.Build.0 = Debug|Any CPU
		{22829696-0589-4D52-B4EC-23F310C02997}.Release|Any CPU.ActiveCfg = Release|Any CPU
		{22829696-0589-4D52-B4EC-23F310C02997}.Release|Any CPU.Build.0 = Release|Any CPU
		{C10756CB-A595-4F5B-A014-3726B4EC6EE5}.Debug|Any CPU.ActiveCfg = Debug|Any CPU
		{C10756CB-A595-4F5B-A014-3726B4EC6EE5}.Debug|Any CPU.Build.0 = Debug|Any CPU
		{C10756CB-A595-4F5B-A014-3726B4EC6EE5}.Release|Any CPU.ActiveCfg = Release|Any CPU
		{C10756CB-A595-4F5B-A014-3726B4EC6EE5}.Release|Any CPU.Build.0 = Release|Any CPU
		{1CFF01CD-656D-4545-A4E2-ABF7506D445F}.Debug|Any CPU.ActiveCfg = Debug|Any CPU
		{1CFF01CD-656D-4545-A4E2-ABF7506D445F}.Debug|Any CPU.Build.0 = Debug|Any CPU
		{1CFF01CD-656D-4545-A4E2-ABF7506D445F}.Release|Any CPU.ActiveCfg = Release|Any CPU
		{1CFF01CD-656D-4545-A4E2-ABF7506D445F}.Release|Any CPU.Build.0 = Release|Any CPU
	EndGlobalSection
	GlobalSection(SolutionProperties) = preSolution
		HideSolutionNode = FALSE
	EndGlobalSection
	GlobalSection(ExtensibilityGlobals) = postSolution
		SolutionGuid = {0116B1B8-A3C8-488B-BE5C-4A8B0273A8CD}
	EndGlobalSection
EndGlobal
